
Microsoft Visual Studio Solution File, Format Version 12.00
# Visual Studio Version 17
VisualStudioVersion = 17.5.002.0
MinimumVisualStudioVersion = 10.0.40219.1
Project("{9A19103F-16F7-4668-BE54-9A1E7A4F7556}") = "rinha", "rinha.csproj", "{709A60F3-F525-443A-9C28-3051AE34AF3A}"
EndProject
Global
	GlobalSection(SolutionConfigurationPlatforms) = preSolution
		Debug|Any CPU = Debug|Any CPU
		Release|Any CPU = Release|Any CPU
	EndGlobalSection
	GlobalSection(ProjectConfigurationPlatforms) = postSolution
		{709A60F3-F525-443A-9C28-3051AE34AF3A}.Debug|Any CPU.ActiveCfg = Debug|Any CPU
		{709A60F3-F525-443A-9C28-3051AE34AF3A}.Debug|Any CPU.Build.0 = Debug|Any CPU
		{709A60F3-F525-443A-9C28-3051AE34AF3A}.Release|Any CPU.ActiveCfg = Release|Any CPU
		{709A60F3-F525-443A-9C28-3051AE34AF3A}.Release|Any CPU.Build.0 = Release|Any CPU
	EndGlobalSection
	GlobalSection(SolutionProperties) = preSolution
		HideSolutionNode = FALSE
	EndGlobalSection
	GlobalSection(ExtensibilityGlobals) = postSolution
		SolutionGuid = {9092816D-FF2B-430B-ACD8-B7AB390B55C6}
	EndGlobalSection
EndGlobal
